
Microsoft Visual Studio Solution File, Format Version 12.00
# Visual Studio 15
VisualStudioVersion = 15.0.27428.2005
MinimumVisualStudioVersion = 10.0.40219.1
Project("{9A19103F-16F7-4668-BE54-9A1E7A4F7556}") = "Csharp", "DigitRecognizer\Csharp.csproj", "{A3EB1DE0-2D37-49A3-B710-58867F358E28}"
EndProject
Project("{2150E333-8FDC-42A3-9474-1A3956D46DE8}") = "Data", "Data", "{4C854BA4-BCD6-4DB4-ADB9-752BB4371DFD}"
	ProjectSection(SolutionItems) = preProject
		Data\trainingsample.csv = Data\trainingsample.csv
		Data\validationsample.csv = Data\validationsample.csv
	EndProjectSection
EndProject
Project("{F2A71F9B-5D33-465A-A702-920D77279786}") = "Fsharp", "Fsharp\Fsharp.fsproj", "{BFB2CFFC-A334-45ED-B279-A4376A59A0AA}"
EndProject
Global
	GlobalSection(SolutionConfigurationPlatforms) = preSolution
		Debug|Any CPU = Debug|Any CPU
		Release|Any CPU = Release|Any CPU
	EndGlobalSection
	GlobalSection(ProjectConfigurationPlatforms) = postSolution
		{A3EB1DE0-2D37-49A3-B710-58867F358E28}.Debug|Any CPU.ActiveCfg = Debug|Any CPU
		{A3EB1DE0-2D37-49A3-B710-58867F358E28}.Debug|Any CPU.Build.0 = Debug|Any CPU
		{A3EB1DE0-2D37-49A3-B710-58867F358E28}.Release|Any CPU.ActiveCfg = Release|Any CPU
		{A3EB1DE0-2D37-49A3-B710-58867F358E28}.Release|Any CPU.Build.0 = Release|Any CPU
		{BFB2CFFC-A334-45ED-B279-A4376A59A0AA}.Debug|Any CPU.ActiveCfg = Debug|Any CPU
		{BFB2CFFC-A334-45ED-B279-A4376A59A0AA}.Debug|Any CPU.Build.0 = Debug|Any CPU
		{BFB2CFFC-A334-45ED-B279-A4376A59A0AA}.Release|Any CPU.ActiveCfg = Release|Any CPU
		{BFB2CFFC-A334-45ED-B279-A4376A59A0AA}.Release|Any CPU.Build.0 = Release|Any CPU
	EndGlobalSection
	GlobalSection(SolutionProperties) = preSolution
		HideSolutionNode = FALSE
	EndGlobalSection
	GlobalSection(ExtensibilityGlobals) = postSolution
		SolutionGuid = {65549952-FD67-40B0-A87E-65359099EB8C}
	EndGlobalSection
EndGlobal
